
Microsoft Visual Studio Solution File, Format Version 12.00
# Visual Studio 14
VisualStudioVersion = 14.0.24720.0
MinimumVisualStudioVersion = 10.0.40219.1
Project("{8BC9CEB8-8B4A-11D0-8D11-00A0C91BC942}") = "perft_64bit", "perft_64bit.vcxproj", "{91AFA750-FF92-4B0E-9F1D-57CE4B3FC239}"
EndProject
Project("{2150E333-8FDC-42A3-9474-1A3956D46DE8}") = "Solution Items", "Solution Items", "{6B4AAD10-4E61-47CF-9885-C298E89D727A}"
	ProjectSection(SolutionItems) = preProject
		Performance1.psess = Performance1.psess
	EndProjectSection
EndProject
Global
	GlobalSection(SolutionConfigurationPlatforms) = preSolution
		Debug|Win32 = Debug|Win32
		Debug|x64 = Debug|x64
		Release|Win32 = Release|Win32
		Release|x64 = Release|x64
	EndGlobalSection
	GlobalSection(ProjectConfigurationPlatforms) = postSolution
		{91AFA750-FF92-4B0E-9F1D-57CE4B3FC239}.Debug|Win32.ActiveCfg = Debug|Win32
		{91AFA750-FF92-4B0E-9F1D-57CE4B3FC239}.Debug|Win32.Build.0 = Debug|Win32
		{91AFA750-FF92-4B0E-9F1D-57CE4B3FC239}.Debug|x64.ActiveCfg = Debug|x64
		{91AFA750-FF92-4B0E-9F1D-57CE4B3FC239}.Debug|x64.Build.0 = Debug|x64
		{91AFA750-FF92-4B0E-9F1D-57CE4B3FC239}.Release|Win32.ActiveCfg = Release|Win32
		{91AFA750-FF92-4B0E-9F1D-57CE4B3FC239}.Release|Win32.Build.0 = Release|Win32
		{91AFA750-FF92-4B0E-9F1D-57CE4B3FC239}.Release|x64.ActiveCfg = Release|x64
		{91AFA750-FF92-4B0E-9F1D-57CE4B3FC239}.Release|x64.Build.0 = Release|x64
	EndGlobalSection
	GlobalSection(SolutionProperties) = preSolution
		HideSolutionNode = FALSE
	EndGlobalSection
EndGlobal
